// !$*UTF8*$!
{
	archiveVersion = 1;
	classes = {
	};
	objectVersion = 77;
	objects = {

/* Begin PBXBuildFile section */
		BE90F2972E98F15D000EC35C /* TestListViewModel.swift in Sources */ = {isa = PBXBuildFile; fileRef = BE90F2962E98F15D000EC35C /* TestListViewModel.swift */; };
		BEB434062E98A7A400756E07 /* Assets.xcassets in Resources */ = {isa = PBXBuildFile; fileRef = BEB433FB2E98A7A400756E07 /* Assets.xcassets */; };
		BEB434072E98A7A400756E07 /* BIGIApp.swift in Sources */ = {isa = PBXBuildFile; fileRef = BEB433FC2E98A7A400756E07 /* BIGIApp.swift */; };
		BEB434082E98A7A400756E07 /* Domain.swift in Sources */ = {isa = PBXBuildFile; fileRef = BEB433FE2E98A7A400756E07 /* Domain.swift */; };
		BEB434092E98A7A400756E07 /* Month.swift in Sources */ = {isa = PBXBuildFile; fileRef = BEB433FF2E98A7A400756E07 /* Month.swift */; };
		BEB4340A2E98A7A400756E07 /* Item.swift in Sources */ = {isa = PBXBuildFile; fileRef = BEB434002E98A7A400756E07 /* Item.swift */; };
		BEB4340B2E98A7A400756E07 /* TestListView.swift in Sources */ = {isa = PBXBuildFile; fileRef = BEB434032E98A7A400756E07 /* TestListView.swift */; };
		BEB4340D2E98AB6C00756E07 /* Category.swift in Sources */ = {isa = PBXBuildFile; fileRef = BEB4340C2E98AB6C00756E07 /* Category.swift */; };
		BEB434132E98AF5E00756E07 /* test.json in Resources */ = {isa = PBXBuildFile; fileRef = BEB434122E98AF5E00756E07 /* test.json */; };
		BEB434152E98AF6A00756E07 /* Load.swift in Sources */ = {isa = PBXBuildFile; fileRef = BEB434142E98AF6A00756E07 /* Load.swift */; };
/* End PBXBuildFile section */

/* Begin PBXFileReference section */
		BE5DAFDE2E97C1BF00FFFACB /* BIGI.app */ = {isa = PBXFileReference; explicitFileType = wrapper.application; includeInIndex = 0; path = BIGI.app; sourceTree = BUILT_PRODUCTS_DIR; };
		BE90F2962E98F15D000EC35C /* TestListViewModel.swift */ = {isa = PBXFileReference; lastKnownFileType = sourcecode.swift; path = TestListViewModel.swift; sourceTree = "<group>"; };
		BEB433FB2E98A7A400756E07 /* Assets.xcassets */ = {isa = PBXFileReference; lastKnownFileType = folder.assetcatalog; path = Assets.xcassets; sourceTree = "<group>"; };
		BEB433FC2E98A7A400756E07 /* BIGIApp.swift */ = {isa = PBXFileReference; lastKnownFileType = sourcecode.swift; path = BIGIApp.swift; sourceTree = "<group>"; };
		BEB433FE2E98A7A400756E07 /* Domain.swift */ = {isa = PBXFileReference; lastKnownFileType = sourcecode.swift; path = Domain.swift; sourceTree = "<group>"; };
		BEB433FF2E98A7A400756E07 /* Month.swift */ = {isa = PBXFileReference; lastKnownFileType = sourcecode.swift; path = Month.swift; sourceTree = "<group>"; };
		BEB434002E98A7A400756E07 /* Item.swift */ = {isa = PBXFileReference; lastKnownFileType = sourcecode.swift; path = Item.swift; sourceTree = "<group>"; };
		BEB434032E98A7A400756E07 /* TestListView.swift */ = {isa = PBXFileReference; lastKnownFileType = sourcecode.swift; path = TestListView.swift; sourceTree = "<group>"; };
		BEB4340C2E98AB6C00756E07 /* Category.swift */ = {isa = PBXFileReference; lastKnownFileType = sourcecode.swift; path = Category.swift; sourceTree = "<group>"; };
		BEB434122E98AF5E00756E07 /* test.json */ = {isa = PBXFileReference; lastKnownFileType = text.json; path = test.json; sourceTree = "<group>"; };
		BEB434142E98AF6A00756E07 /* Load.swift */ = {isa = PBXFileReference; lastKnownFileType = sourcecode.swift; path = Load.swift; sourceTree = "<group>"; };
/* End PBXFileReference section */

/* Begin PBXFrameworksBuildPhase section */
		BE5DAFDB2E97C1BF00FFFACB /* Frameworks */ = {
			isa = PBXFrameworksBuildPhase;
			buildActionMask = 2147483647;
			files = (
			);
			runOnlyForDeploymentPostprocessing = 0;
		};
/* End PBXFrameworksBuildPhase section */

/* Begin PBXGroup section */
		BE5DAFD52E97C1BF00FFFACB = {
			isa = PBXGroup;
			children = (
				BEB434052E98A7A400756E07 /* BIGI */,
				BE5DAFDF2E97C1BF00FFFACB /* Products */,
			);
			sourceTree = "<group>";
		};
		BE5DAFDF2E97C1BF00FFFACB /* Products */ = {
			isa = PBXGroup;
			children = (
				BE5DAFDE2E97C1BF00FFFACB /* BIGI.app */,
			);
			name = Products;
			sourceTree = "<group>";
		};
		BEB433FD2E98A7A400756E07 /* App */ = {
			isa = PBXGroup;
			children = (
				BEB434122E98AF5E00756E07 /* test.json */,
				BEB433FB2E98A7A400756E07 /* Assets.xcassets */,
				BEB433FC2E98A7A400756E07 /* BIGIApp.swift */,
			);
			path = App;
			sourceTree = "<group>";
		};
		BEB434012E98A7A400756E07 /* Model */ = {
			isa = PBXGroup;
			children = (
				BEB433FE2E98A7A400756E07 /* Domain.swift */,
				BEB433FF2E98A7A400756E07 /* Month.swift */,
				BEB4340C2E98AB6C00756E07 /* Category.swift */,
				BEB434002E98A7A400756E07 /* Item.swift */,
			);
			path = Model;
			sourceTree = "<group>";
		};
		BEB434022E98A7A400756E07 /* View */ = {
			isa = PBXGroup;
			children = (
				BEB434032E98A7A400756E07 /* TestListView.swift */,
				BE90F2962E98F15D000EC35C /* TestListViewModel.swift */,
			);
			path = View;
			sourceTree = "<group>";
		};
		BEB434042E98A7A400756E07 /* Source */ = {
			isa = PBXGroup;
			children = (
				BEB434112E98ACE000756E07 /* Data */,
				BEB434012E98A7A400756E07 /* Model */,
				BEB434022E98A7A400756E07 /* View */,
			);
			path = Source;
			sourceTree = "<group>";
		};
		BEB434052E98A7A400756E07 /* BIGI */ = {
			isa = PBXGroup;
			children = (
				BEB433FD2E98A7A400756E07 /* App */,
				BEB434042E98A7A400756E07 /* Source */,
			);
			path = BIGI;
			sourceTree = "<group>";
		};
		BEB434112E98ACE000756E07 /* Data */ = {
			isa = PBXGroup;
			children = (
				BEB434142E98AF6A00756E07 /* Load.swift */,
			);
			path = Data;
			sourceTree = "<group>";
		};
/* End PBXGroup section */

/* Begin PBXNativeTarget section */
		BE5DAFDD2E97C1BF00FFFACB /* BIGI */ = {
			isa = PBXNativeTarget;
			buildConfigurationList = BE5DAFEC2E97C1C100FFFACB /* Build configuration list for PBXNativeTarget "BIGI" */;
			buildPhases = (
				BE5DAFDA2E97C1BF00FFFACB /* Sources */,
				BE5DAFDB2E97C1BF00FFFACB /* Frameworks */,
				BE5DAFDC2E97C1BF00FFFACB /* Resources */,
			);
			buildRules = (
			);
			dependencies = (
			);
			name = BIGI;
			packageProductDependencies = (
			);
			productName = BIGI;
			productReference = BE5DAFDE2E97C1BF00FFFACB /* BIGI.app */;
			productType = "com.apple.product-type.application";
		};
/* End PBXNativeTarget section */

/* Begin PBXProject section */
		BE5DAFD62E97C1BF00FFFACB /* Project object */ = {
			isa = PBXProject;
			attributes = {
				BuildIndependentTargetsInParallel = 1;
				LastSwiftUpdateCheck = 1620;
				LastUpgradeCheck = 1620;
				TargetAttributes = {
					BE5DAFDD2E97C1BF00FFFACB = {
						CreatedOnToolsVersion = 16.2;
					};
				};
			};
			buildConfigurationList = BE5DAFD92E97C1BF00FFFACB /* Build configuration list for PBXProject "BIGI" */;
			developmentRegion = en;
			hasScannedForEncodings = 0;
			knownRegions = (
				en,
				Base,
			);
			mainGroup = BE5DAFD52E97C1BF00FFFACB;
			minimizedProjectReferenceProxies = 1;
			preferredProjectObjectVersion = 77;
			productRefGroup = BE5DAFDF2E97C1BF00FFFACB /* Products */;
			projectDirPath = "";
			projectRoot = "";
			targets = (
				BE5DAFDD2E97C1BF00FFFACB /* BIGI */,
			);
		};
/* End PBXProject section */

/* Begin PBXResourcesBuildPhase section */
		BE5DAFDC2E97C1BF00FFFACB /* Resources */ = {
			isa = PBXResourcesBuildPhase;
			buildActionMask = 2147483647;
			files = (
				BEB434062E98A7A400756E07 /* Assets.xcassets in Resources */,
				BEB434132E98AF5E00756E07 /* test.json in Resources */,
			);
			runOnlyForDeploymentPostprocessing = 0;
		};
/* End PBXResourcesBuildPhase section */

/* Begin PBXSourcesBuildPhase section */
		BE5DAFDA2E97C1BF00FFFACB /* Sources */ = {
			isa = PBXSourcesBuildPhase;
			buildActionMask = 2147483647;
			files = (
				BEB434072E98A7A400756E07 /* BIGIApp.swift in Sources */,
				BEB434082E98A7A400756E07 /* Domain.swift in Sources */,
				BE90F2972E98F15D000EC35C /* TestListViewModel.swift in Sources */,
				BEB434092E98A7A400756E07 /* Month.swift in Sources */,
				BEB4340A2E98A7A400756E07 /* Item.swift in Sources */,
				BEB4340B2E98A7A400756E07 /* TestListView.swift in Sources */,
				BEB434152E98AF6A00756E07 /* Load.swift in Sources */,
				BEB4340D2E98AB6C00756E07 /* Category.swift in Sources */,
			);
			runOnlyForDeploymentPostprocessing = 0;
		};
/* End PBXSourcesBuildPhase section */

/* Begin XCBuildConfiguration section */
		BE5DAFEA2E97C1C100FFFACB /* Debug */ = {
			isa = XCBuildConfiguration;
			buildSettings = {
				ALWAYS_SEARCH_USER_PATHS = NO;
				ASSETCATALOG_COMPILER_GENERATE_SWIFT_ASSET_SYMBOL_EXTENSIONS = YES;
				CLANG_ANALYZER_NONNULL = YES;
				CLANG_ANALYZER_NUMBER_OBJECT_CONVERSION = YES_AGGRESSIVE;
				CLANG_CXX_LANGUAGE_STANDARD = "gnu++20";
				CLANG_ENABLE_MODULES = YES;
				CLANG_ENABLE_OBJC_ARC = YES;
				CLANG_ENABLE_OBJC_WEAK = YES;
				CLANG_WARN_BLOCK_CAPTURE_AUTORELEASING = YES;
				CLANG_WARN_BOOL_CONVERSION = YES;
				CLANG_WARN_COMMA = YES;
				CLANG_WARN_CONSTANT_CONVERSION = YES;
				CLANG_WARN_DEPRECATED_OBJC_IMPLEMENTATIONS = YES;
				CLANG_WARN_DIRECT_OBJC_ISA_USAGE = YES_ERROR;
				CLANG_WARN_DOCUMENTATION_COMMENTS = YES;
				CLANG_WARN_EMPTY_BODY = YES;
				CLANG_WARN_ENUM_CONVERSION = YES;
				CLANG_WARN_INFINITE_RECURSION = YES;
				CLANG_WARN_INT_CONVERSION = YES;
				CLANG_WARN_NON_LITERAL_NULL_CONVERSION = YES;
				CLANG_WARN_OBJC_IMPLICIT_RETAIN_SELF = YES;
				CLANG_WARN_OBJC_LITERAL_CONVERSION = YES;
				CLANG_WARN_OBJC_ROOT_CLASS = YES_ERROR;
				CLANG_WARN_QUOTED_INCLUDE_IN_FRAMEWORK_HEADER = YES;
				CLANG_WARN_RANGE_LOOP_ANALYSIS = YES;
				CLANG_WARN_STRICT_PROTOTYPES = YES;
				CLANG_WARN_SUSPICIOUS_MOVE = YES;
				CLANG_WARN_UNGUARDED_AVAILABILITY = YES_AGGRESSIVE;
				CLANG_WARN_UNREACHABLE_CODE = YES;
				CLANG_WARN__DUPLICATE_METHOD_MATCH = YES;
				COPY_PHASE_STRIP = NO;
				DEBUG_INFORMATION_FORMAT = dwarf;
				ENABLE_STRICT_OBJC_MSGSEND = YES;
				ENABLE_TESTABILITY = YES;
				ENABLE_USER_SCRIPT_SANDBOXING = YES;
				GCC_C_LANGUAGE_STANDARD = gnu17;
				GCC_DYNAMIC_NO_PIC = NO;
				GCC_NO_COMMON_BLOCKS = YES;
				GCC_OPTIMIZATION_LEVEL = 0;
				GCC_PREPROCESSOR_DEFINITIONS = (
					"DEBUG=1",
					"$(inherited)",
				);
				GCC_WARN_64_TO_32_BIT_CONVERSION = YES;
				GCC_WARN_ABOUT_RETURN_TYPE = YES_ERROR;
				GCC_WARN_UNDECLARED_SELECTOR = YES;
				GCC_WARN_UNINITIALIZED_AUTOS = YES_AGGRESSIVE;
				GCC_WARN_UNUSED_FUNCTION = YES;
				GCC_WARN_UNUSED_VARIABLE = YES;
				IPHONEOS_DEPLOYMENT_TARGET = 18.2;
				LOCALIZATION_PREFERS_STRING_CATALOGS = YES;
				MTL_ENABLE_DEBUG_INFO = INCLUDE_SOURCE;
				MTL_FAST_MATH = YES;
				ONLY_ACTIVE_ARCH = YES;
				SDKROOT = iphoneos;
				SWIFT_ACTIVE_COMPILATION_CONDITIONS = "DEBUG $(inherited)";
				SWIFT_OPTIMIZATION_LEVEL = "-Onone";
			};
			name = Debug;
		};
		BE5DAFEB2E97C1C100FFFACB /* Release */ = {
			isa = XCBuildConfiguration;
			buildSettings = {
				ALWAYS_SEARCH_USER_PATHS = NO;
				ASSETCATALOG_COMPILER_GENERATE_SWIFT_ASSET_SYMBOL_EXTENSIONS = YES;
				CLANG_ANALYZER_NONNULL = YES;
				CLANG_ANALYZER_NUMBER_OBJECT_CONVERSION = YES_AGGRESSIVE;
				CLANG_CXX_LANGUAGE_STANDARD = "gnu++20";
				CLANG_ENABLE_MODULES = YES;
				CLANG_ENABLE_OBJC_ARC = YES;
				CLANG_ENABLE_OBJC_WEAK = YES;
				CLANG_WARN_BLOCK_CAPTURE_AUTORELEASING = YES;
				CLANG_WARN_BOOL_CONVERSION = YES;
				CLANG_WARN_COMMA = YES;
				CLANG_WARN_CONSTANT_CONVERSION = YES;
				CLANG_WARN_DEPRECATED_OBJC_IMPLEMENTATIONS = YES;
				CLANG_WARN_DIRECT_OBJC_ISA_USAGE = YES_ERROR;
				CLANG_WARN_DOCUMENTATION_COMMENTS = YES;
				CLANG_WARN_EMPTY_BODY = YES;
				CLANG_WARN_ENUM_CONVERSION = YES;
				CLANG_WARN_INFINITE_RECURSION = YES;
				CLANG_WARN_INT_CONVERSION = YES;
				CLANG_WARN_NON_LITERAL_NULL_CONVERSION = YES;
				CLANG_WARN_OBJC_IMPLICIT_RETAIN_SELF = YES;
				CLANG_WARN_OBJC_LITERAL_CONVERSION = YES;
				CLANG_WARN_OBJC_ROOT_CLASS = YES_ERROR;
				CLANG_WARN_QUOTED_INCLUDE_IN_FRAMEWORK_HEADER = YES;
				CLANG_WARN_RANGE_LOOP_ANALYSIS = YES;
				CLANG_WARN_STRICT_PROTOTYPES = YES;
				CLANG_WARN_SUSPICIOUS_MOVE = YES;
				CLANG_WARN_UNGUARDED_AVAILABILITY = YES_AGGRESSIVE;
				CLANG_WARN_UNREACHABLE_CODE = YES;
				CLANG_WARN__DUPLICATE_METHOD_MATCH = YES;
				COPY_PHASE_STRIP = NO;
				DEBUG_INFORMATION_FORMAT = "dwarf-with-dsym";
				ENABLE_NS_ASSERTIONS = NO;
				ENABLE_STRICT_OBJC_MSGSEND = YES;
				ENABLE_USER_SCRIPT_SANDBOXING = YES;
				GCC_C_LANGUAGE_STANDARD = gnu17;
				GCC_NO_COMMON_BLOCKS = YES;
				GCC_WARN_64_TO_32_BIT_CONVERSION = YES;
				GCC_WARN_ABOUT_RETURN_TYPE = YES_ERROR;
				GCC_WARN_UNDECLARED_SELECTOR = YES;
				GCC_WARN_UNINITIALIZED_AUTOS = YES_AGGRESSIVE;
				GCC_WARN_UNUSED_FUNCTION = YES;
				GCC_WARN_UNUSED_VARIABLE = YES;
				IPHONEOS_DEPLOYMENT_TARGET = 18.2;
				LOCALIZATION_PREFERS_STRING_CATALOGS = YES;
				MTL_ENABLE_DEBUG_INFO = NO;
				MTL_FAST_MATH = YES;
				SDKROOT = iphoneos;
				SWIFT_COMPILATION_MODE = wholemodule;
				VALIDATE_PRODUCT = YES;
			};
			name = Release;
		};
		BE5DAFED2E97C1C100FFFACB /* Debug */ = {
			isa = XCBuildConfiguration;
			buildSettings = {
				ASSETCATALOG_COMPILER_APPICON_NAME = AppIcon;
				ASSETCATALOG_COMPILER_GLOBAL_ACCENT_COLOR_NAME = AccentColor;
				CODE_SIGN_STYLE = Automatic;
				CURRENT_PROJECT_VERSION = 1;
				DEVELOPMENT_ASSET_PATHS = "";
				DEVELOPMENT_TEAM = 7HDHR2SNR7;
				ENABLE_PREVIEWS = YES;
				GENERATE_INFOPLIST_FILE = YES;
				INFOPLIST_KEY_UIApplicationSceneManifest_Generation = YES;
				INFOPLIST_KEY_UIApplicationSupportsIndirectInputEvents = YES;
				INFOPLIST_KEY_UILaunchScreen_Generation = YES;
				INFOPLIST_KEY_UISupportedInterfaceOrientations_iPad = "UIInterfaceOrientationPortrait UIInterfaceOrientationPortraitUpsideDown UIInterfaceOrientationLandscapeLeft UIInterfaceOrientationLandscapeRight";
				INFOPLIST_KEY_UISupportedInterfaceOrientations_iPhone = "UIInterfaceOrientationPortrait UIInterfaceOrientationLandscapeLeft UIInterfaceOrientationLandscapeRight";
				IPHONEOS_DEPLOYMENT_TARGET = 18.2;
				LD_RUNPATH_SEARCH_PATHS = (
					"$(inherited)",
					"@executable_path/Frameworks",
				);
				MARKETING_VERSION = 1.0;
				PRODUCT_BUNDLE_IDENTIFIER = co.1008.BIGI;
				PRODUCT_NAME = "$(TARGET_NAME)";
				SWIFT_EMIT_LOC_STRINGS = YES;
				SWIFT_VERSION = 5.0;
				TARGETED_DEVICE_FAMILY = "1,2";
			};
			name = Debug;
		};
		BE5DAFEE2E97C1C100FFFACB /* Release */ = {
			isa = XCBuildConfiguration;
			buildSettings = {
				ASSETCATALOG_COMPILER_APPICON_NAME = AppIcon;
				ASSETCATALOG_COMPILER_GLOBAL_ACCENT_COLOR_NAME = AccentColor;
				CODE_SIGN_STYLE = Automatic;
				CURRENT_PROJECT_VERSION = 1;
				DEVELOPMENT_ASSET_PATHS = "";
				DEVELOPMENT_TEAM = 7HDHR2SNR7;
				ENABLE_PREVIEWS = YES;
				GENERATE_INFOPLIST_FILE = YES;
				INFOPLIST_KEY_UIApplicationSceneManifest_Generation = YES;
				INFOPLIST_KEY_UIApplicationSupportsIndirectInputEvents = YES;
				INFOPLIST_KEY_UILaunchScreen_Generation = YES;
				INFOPLIST_KEY_UISupportedInterfaceOrientations_iPad = "UIInterfaceOrientationPortrait UIInterfaceOrientationPortraitUpsideDown UIInterfaceOrientationLandscapeLeft UIInterfaceOrientationLandscapeRight";
				INFOPLIST_KEY_UISupportedInterfaceOrientations_iPhone = "UIInterfaceOrientationPortrait UIInterfaceOrientationLandscapeLeft UIInterfaceOrientationLandscapeRight";
				IPHONEOS_DEPLOYMENT_TARGET = 18.2;
				LD_RUNPATH_SEARCH_PATHS = (
					"$(inherited)",
					"@executable_path/Frameworks",
				);
				MARKETING_VERSION = 1.0;
				PRODUCT_BUNDLE_IDENTIFIER = co.1008.BIGI;
				PRODUCT_NAME = "$(TARGET_NAME)";
				SWIFT_EMIT_LOC_STRINGS = YES;
				SWIFT_VERSION = 5.0;
				TARGETED_DEVICE_FAMILY = "1,2";
			};
			name = Release;
		};
/* End XCBuildConfiguration section */

/* Begin XCConfigurationList section */
		BE5DAFD92E97C1BF00FFFACB /* Build configuration list for PBXProject "BIGI" */ = {
			isa = XCConfigurationList;
			buildConfigurations = (
				BE5DAFEA2E97C1C100FFFACB /* Debug */,
				BE5DAFEB2E97C1C100FFFACB /* Release */,
			);
			defaultConfigurationIsVisible = 0;
			defaultConfigurationName = Release;
		};
		BE5DAFEC2E97C1C100FFFACB /* Build configuration list for PBXNativeTarget "BIGI" */ = {
			isa = XCConfigurationList;
			buildConfigurations = (
				BE5DAFED2E97C1C100FFFACB /* Debug */,
				BE5DAFEE2E97C1C100FFFACB /* Release */,
			);
			defaultConfigurationIsVisible = 0;
			defaultConfigurationName = Release;
		};
/* End XCConfigurationList section */
	};
	rootObject = BE5DAFD62E97C1BF00FFFACB /* Project object */;
}
