// !$*UTF8*$!
{
	archiveVersion = 1;
	classes = {
	};
	objectVersion = 77;
	objects = {

/* Begin PBXBuildFile section */
		BE40A6EE2E9A841F005997BF /* TestDFThumbnailView.swift in Sources */ = {isa = PBXBuildFile; fileRef = BE40A6ED2E9A841F005997BF /* TestDFThumbnailView.swift */; };
		BE40A6F22E9B913D005997BF /* test.json in Resources */ = {isa = PBXBuildFile; fileRef = BE40A6F12E9B913D005997BF /* test.json */; };
		BE40A7342E9B918E005997BF /* 20240903.pdf in Resources */ = {isa = PBXBuildFile; fileRef = BE40A71A2E9B918E005997BF /* 20240903.pdf */; };
		BE40A7352E9B918E005997BF /* 20231101.pdf in Resources */ = {isa = PBXBuildFile; fileRef = BE40A7102E9B918E005997BF /* 20231101.pdf */; };
		BE40A7362E9B918E005997BF /* 20260902.pdf in Resources */ = {isa = PBXBuildFile; fileRef = BE40A7312E9B918E005997BF /* 20260902.pdf */; };
		BE40A7372E9B918E005997BF /* 20220602.pdf in Resources */ = {isa = PBXBuildFile; fileRef = BE40A6FD2E9B918E005997BF /* 20220602.pdf */; };
		BE40A7382E9B918E005997BF /* 20250903.pdf in Resources */ = {isa = PBXBuildFile; fileRef = BE40A7262E9B918E005997BF /* 20250903.pdf */; };
		BE40A7392E9B918E005997BF /* 20211101.pdf in Resources */ = {isa = PBXBuildFile; fileRef = BE40A6F92E9B918E005997BF /* 20211101.pdf */; };
		BE40A73A2E9B918E005997BF /* 20241102.pdf in Resources */ = {isa = PBXBuildFile; fileRef = BE40A71D2E9B918E005997BF /* 20241102.pdf */; };
		BE40A73B2E9B918E005997BF /* 20250904.pdf in Resources */ = {isa = PBXBuildFile; fileRef = BE40A7272E9B918E005997BF /* 20250904.pdf */; };
		BE40A73C2E9B918E005997BF /* 20260603.pdf in Resources */ = {isa = PBXBuildFile; fileRef = BE40A72E2E9B918E005997BF /* 20260603.pdf */; };
		BE40A73D2E9B918E005997BF /* 20240603.pdf in Resources */ = {isa = PBXBuildFile; fileRef = BE40A7162E9B918E005997BF /* 20240603.pdf */; };
		BE40A73E2E9B918E005997BF /* 20211102.pdf in Resources */ = {isa = PBXBuildFile; fileRef = BE40A6FA2E9B918E005997BF /* 20211102.pdf */; };
		BE40A73F2E9B918E005997BF /* 20220903.pdf in Resources */ = {isa = PBXBuildFile; fileRef = BE40A7022E9B918E005997BF /* 20220903.pdf */; };
		BE40A7402E9B918E005997BF /* 20231102.pdf in Resources */ = {isa = PBXBuildFile; fileRef = BE40A7112E9B918E005997BF /* 20231102.pdf */; };
		BE40A7412E9B918E005997BF /* 20230901.pdf in Resources */ = {isa = PBXBuildFile; fileRef = BE40A70C2E9B918E005997BF /* 20230901.pdf */; };
		BE40A7422E9B918E005997BF /* 20240901.pdf in Resources */ = {isa = PBXBuildFile; fileRef = BE40A7182E9B918E005997BF /* 20240901.pdf */; };
		BE40A7432E9B918E005997BF /* 20250604.pdf in Resources */ = {isa = PBXBuildFile; fileRef = BE40A7232E9B918E005997BF /* 20250604.pdf */; };
		BE40A7442E9B918E005997BF /* 20240902.pdf in Resources */ = {isa = PBXBuildFile; fileRef = BE40A7192E9B918E005997BF /* 20240902.pdf */; };
		BE40A7452E9B918E005997BF /* 20220902.pdf in Resources */ = {isa = PBXBuildFile; fileRef = BE40A7012E9B918E005997BF /* 20220902.pdf */; };
		BE40A7462E9B918E005997BF /* 20250603.pdf in Resources */ = {isa = PBXBuildFile; fileRef = BE40A7222E9B918E005997BF /* 20250603.pdf */; };
		BE40A7472E9B918E005997BF /* 20210902.pdf in Resources */ = {isa = PBXBuildFile; fileRef = BE40A6F72E9B918E005997BF /* 20210902.pdf */; };
		BE40A7482E9B918E005997BF /* 20221104.pdf in Resources */ = {isa = PBXBuildFile; fileRef = BE40A7072E9B918E005997BF /* 20221104.pdf */; };
		BE40A7492E9B918E005997BF /* 20210603.pdf in Resources */ = {isa = PBXBuildFile; fileRef = BE40A6F52E9B918E005997BF /* 20210603.pdf */; };
		BE40A74A2E9B918E005997BF /* 20251102.pdf in Resources */ = {isa = PBXBuildFile; fileRef = BE40A7292E9B918E005997BF /* 20251102.pdf */; };
		BE40A74B2E9B918E005997BF /* 20210903.pdf in Resources */ = {isa = PBXBuildFile; fileRef = BE40A6F82E9B918E005997BF /* 20210903.pdf */; };
		BE40A74C2E9B918E005997BF /* 20260903.pdf in Resources */ = {isa = PBXBuildFile; fileRef = BE40A7322E9B918E005997BF /* 20260903.pdf */; };
		BE40A74D2E9B918E005997BF /* 20230603.pdf in Resources */ = {isa = PBXBuildFile; fileRef = BE40A70A2E9B918E005997BF /* 20230603.pdf */; };
		BE40A74E2E9B918E005997BF /* 20211103.pdf in Resources */ = {isa = PBXBuildFile; fileRef = BE40A6FB2E9B918E005997BF /* 20211103.pdf */; };
		BE40A74F2E9B918E005997BF /* 20220604.pdf in Resources */ = {isa = PBXBuildFile; fileRef = BE40A6FF2E9B918E005997BF /* 20220604.pdf */; };
		BE40A7502E9B918E005997BF /* 20230904.pdf in Resources */ = {isa = PBXBuildFile; fileRef = BE40A70F2E9B918E005997BF /* 20230904.pdf */; };
		BE40A7512E9B918E005997BF /* 20240904.pdf in Resources */ = {isa = PBXBuildFile; fileRef = BE40A71B2E9B918E005997BF /* 20240904.pdf */; };
		BE40A7522E9B918E005997BF /* 20251103.pdf in Resources */ = {isa = PBXBuildFile; fileRef = BE40A72A2E9B918E005997BF /* 20251103.pdf */; };
		BE40A7532E9B918E005997BF /* 20241101.pdf in Resources */ = {isa = PBXBuildFile; fileRef = BE40A71C2E9B918E005997BF /* 20241101.pdf */; };
		BE40A7542E9B918E005997BF /* 20250902.pdf in Resources */ = {isa = PBXBuildFile; fileRef = BE40A7252E9B918E005997BF /* 20250902.pdf */; };
		BE40A7552E9B918E005997BF /* 20250602.pdf in Resources */ = {isa = PBXBuildFile; fileRef = BE40A7212E9B918E005997BF /* 20250602.pdf */; };
		BE40A7562E9B918E005997BF /* 20251101.pdf in Resources */ = {isa = PBXBuildFile; fileRef = BE40A7282E9B918E005997BF /* 20251101.pdf */; };
		BE40A7572E9B918E005997BF /* 20251104.pdf in Resources */ = {isa = PBXBuildFile; fileRef = BE40A72B2E9B918E005997BF /* 20251104.pdf */; };
		BE40A7582E9B918E005997BF /* 20210602.pdf in Resources */ = {isa = PBXBuildFile; fileRef = BE40A6F42E9B918E005997BF /* 20210602.pdf */; };
		BE40A7592E9B918E005997BF /* 20220603.pdf in Resources */ = {isa = PBXBuildFile; fileRef = BE40A6FE2E9B918E005997BF /* 20220603.pdf */; };
		BE40A75A2E9B918E005997BF /* 20231104.pdf in Resources */ = {isa = PBXBuildFile; fileRef = BE40A7132E9B918E005997BF /* 20231104.pdf */; };
		BE40A75B2E9B918E005997BF /* 20250901.pdf in Resources */ = {isa = PBXBuildFile; fileRef = BE40A7242E9B918E005997BF /* 20250901.pdf */; };
		BE40A75C2E9B918E005997BF /* 20230903.pdf in Resources */ = {isa = PBXBuildFile; fileRef = BE40A70E2E9B918E005997BF /* 20230903.pdf */; };
		BE40A75D2E9B918E005997BF /* 20221102.pdf in Resources */ = {isa = PBXBuildFile; fileRef = BE40A7052E9B918E005997BF /* 20221102.pdf */; };
		BE40A75E2E9B918E005997BF /* 20260904.pdf in Resources */ = {isa = PBXBuildFile; fileRef = BE40A7332E9B918E005997BF /* 20260904.pdf */; };
		BE40A75F2E9B918E005997BF /* 20220901.pdf in Resources */ = {isa = PBXBuildFile; fileRef = BE40A7002E9B918E005997BF /* 20220901.pdf */; };
		BE40A7602E9B918E005997BF /* 20210901.pdf in Resources */ = {isa = PBXBuildFile; fileRef = BE40A6F62E9B918E005997BF /* 20210901.pdf */; };
		BE40A7612E9B918E005997BF /* 20250601.pdf in Resources */ = {isa = PBXBuildFile; fileRef = BE40A7202E9B918E005997BF /* 20250601.pdf */; };
		BE40A7622E9B918E005997BF /* 20240602.pdf in Resources */ = {isa = PBXBuildFile; fileRef = BE40A7152E9B918E005997BF /* 20240602.pdf */; };
		BE40A7632E9B918E005997BF /* 20230604.pdf in Resources */ = {isa = PBXBuildFile; fileRef = BE40A70B2E9B918E005997BF /* 20230604.pdf */; };
		BE40A7642E9B918E005997BF /* 20260604.pdf in Resources */ = {isa = PBXBuildFile; fileRef = BE40A72F2E9B918E005997BF /* 20260604.pdf */; };
		BE40A7652E9B918E005997BF /* 20240604.pdf in Resources */ = {isa = PBXBuildFile; fileRef = BE40A7172E9B918E005997BF /* 20240604.pdf */; };
		BE40A7662E9B918E005997BF /* 20231103.pdf in Resources */ = {isa = PBXBuildFile; fileRef = BE40A7122E9B918E005997BF /* 20231103.pdf */; };
		BE40A7672E9B918E005997BF /* 20260602.pdf in Resources */ = {isa = PBXBuildFile; fileRef = BE40A72D2E9B918E005997BF /* 20260602.pdf */; };
		BE40A7682E9B918E005997BF /* 20260601.pdf in Resources */ = {isa = PBXBuildFile; fileRef = BE40A72C2E9B918E005997BF /* 20260601.pdf */; };
		BE40A7692E9B918E005997BF /* 20230602.pdf in Resources */ = {isa = PBXBuildFile; fileRef = BE40A7092E9B918E005997BF /* 20230602.pdf */; };
		BE40A76A2E9B918E005997BF /* 20220601.pdf in Resources */ = {isa = PBXBuildFile; fileRef = BE40A6FC2E9B918E005997BF /* 20220601.pdf */; };
		BE40A76B2E9B918E005997BF /* 20230902.pdf in Resources */ = {isa = PBXBuildFile; fileRef = BE40A70D2E9B918E005997BF /* 20230902.pdf */; };
		BE40A76C2E9B918E005997BF /* 20241103.pdf in Resources */ = {isa = PBXBuildFile; fileRef = BE40A71E2E9B918E005997BF /* 20241103.pdf */; };
		BE40A76D2E9B918E005997BF /* 20210601.pdf in Resources */ = {isa = PBXBuildFile; fileRef = BE40A6F32E9B918E005997BF /* 20210601.pdf */; };
		BE40A76E2E9B918E005997BF /* 20260901.pdf in Resources */ = {isa = PBXBuildFile; fileRef = BE40A7302E9B918E005997BF /* 20260901.pdf */; };
		BE40A76F2E9B918E005997BF /* 20221103.pdf in Resources */ = {isa = PBXBuildFile; fileRef = BE40A7062E9B918E005997BF /* 20221103.pdf */; };
		BE40A7702E9B918E005997BF /* 20220904.pdf in Resources */ = {isa = PBXBuildFile; fileRef = BE40A7032E9B918E005997BF /* 20220904.pdf */; };
		BE40A7712E9B918E005997BF /* 20221101.pdf in Resources */ = {isa = PBXBuildFile; fileRef = BE40A7042E9B918E005997BF /* 20221101.pdf */; };
		BE40A7722E9B918E005997BF /* 20230601.pdf in Resources */ = {isa = PBXBuildFile; fileRef = BE40A7082E9B918E005997BF /* 20230601.pdf */; };
		BE40A7732E9B918E005997BF /* 20241104.pdf in Resources */ = {isa = PBXBuildFile; fileRef = BE40A71F2E9B918E005997BF /* 20241104.pdf */; };
		BE40A7742E9B918E005997BF /* 20240601.pdf in Resources */ = {isa = PBXBuildFile; fileRef = BE40A7142E9B918E005997BF /* 20240601.pdf */; };
		BE40A7762E9B95F7005997BF /* TestPDFPreView.swift in Sources */ = {isa = PBXBuildFile; fileRef = BE40A7752E9B95F7005997BF /* TestPDFPreView.swift */; };
		BE880D252E9BCBAB00F8C9CB /* TestDomainFilter.swift in Sources */ = {isa = PBXBuildFile; fileRef = BE880D242E9BCBAB00F8C9CB /* TestDomainFilter.swift */; };
		BE90F2972E98F15D000EC35C /* TestListViewModel.swift in Sources */ = {isa = PBXBuildFile; fileRef = BE90F2962E98F15D000EC35C /* TestListViewModel.swift */; };
		BEB434062E98A7A400756E07 /* Assets.xcassets in Resources */ = {isa = PBXBuildFile; fileRef = BEB433FB2E98A7A400756E07 /* Assets.xcassets */; };
		BEB434072E98A7A400756E07 /* BIGIApp.swift in Sources */ = {isa = PBXBuildFile; fileRef = BEB433FC2E98A7A400756E07 /* BIGIApp.swift */; };
		BEB434082E98A7A400756E07 /* Domain.swift in Sources */ = {isa = PBXBuildFile; fileRef = BEB433FE2E98A7A400756E07 /* Domain.swift */; };
		BEB434092E98A7A400756E07 /* Month.swift in Sources */ = {isa = PBXBuildFile; fileRef = BEB433FF2E98A7A400756E07 /* Month.swift */; };
		BEB4340A2E98A7A400756E07 /* Item.swift in Sources */ = {isa = PBXBuildFile; fileRef = BEB434002E98A7A400756E07 /* Item.swift */; };
		BEB4340B2E98A7A400756E07 /* TestListView.swift in Sources */ = {isa = PBXBuildFile; fileRef = BEB434032E98A7A400756E07 /* TestListView.swift */; };
		BEB4340D2E98AB6C00756E07 /* Category.swift in Sources */ = {isa = PBXBuildFile; fileRef = BEB4340C2E98AB6C00756E07 /* Category.swift */; };
		BEB434152E98AF6A00756E07 /* Load.swift in Sources */ = {isa = PBXBuildFile; fileRef = BEB434142E98AF6A00756E07 /* Load.swift */; };
/* End PBXBuildFile section */

/* Begin PBXFileReference section */
		BE40A6ED2E9A841F005997BF /* TestDFThumbnailView.swift */ = {isa = PBXFileReference; lastKnownFileType = sourcecode.swift; path = TestDFThumbnailView.swift; sourceTree = "<group>"; };
		BE40A6F12E9B913D005997BF /* test.json */ = {isa = PBXFileReference; lastKnownFileType = text.json; path = test.json; sourceTree = "<group>"; };
		BE40A6F32E9B918E005997BF /* 20210601.pdf */ = {isa = PBXFileReference; lastKnownFileType = image.pdf; path = 20210601.pdf; sourceTree = "<group>"; };
		BE40A6F42E9B918E005997BF /* 20210602.pdf */ = {isa = PBXFileReference; lastKnownFileType = image.pdf; path = 20210602.pdf; sourceTree = "<group>"; };
		BE40A6F52E9B918E005997BF /* 20210603.pdf */ = {isa = PBXFileReference; lastKnownFileType = image.pdf; path = 20210603.pdf; sourceTree = "<group>"; };
		BE40A6F62E9B918E005997BF /* 20210901.pdf */ = {isa = PBXFileReference; lastKnownFileType = image.pdf; path = 20210901.pdf; sourceTree = "<group>"; };
		BE40A6F72E9B918E005997BF /* 20210902.pdf */ = {isa = PBXFileReference; lastKnownFileType = image.pdf; path = 20210902.pdf; sourceTree = "<group>"; };
		BE40A6F82E9B918E005997BF /* 20210903.pdf */ = {isa = PBXFileReference; lastKnownFileType = image.pdf; path = 20210903.pdf; sourceTree = "<group>"; };
		BE40A6F92E9B918E005997BF /* 20211101.pdf */ = {isa = PBXFileReference; lastKnownFileType = image.pdf; path = 20211101.pdf; sourceTree = "<group>"; };
		BE40A6FA2E9B918E005997BF /* 20211102.pdf */ = {isa = PBXFileReference; lastKnownFileType = image.pdf; path = 20211102.pdf; sourceTree = "<group>"; };
		BE40A6FB2E9B918E005997BF /* 20211103.pdf */ = {isa = PBXFileReference; lastKnownFileType = image.pdf; path = 20211103.pdf; sourceTree = "<group>"; };
		BE40A6FC2E9B918E005997BF /* 20220601.pdf */ = {isa = PBXFileReference; lastKnownFileType = image.pdf; path = 20220601.pdf; sourceTree = "<group>"; };
		BE40A6FD2E9B918E005997BF /* 20220602.pdf */ = {isa = PBXFileReference; lastKnownFileType = image.pdf; path = 20220602.pdf; sourceTree = "<group>"; };
		BE40A6FE2E9B918E005997BF /* 20220603.pdf */ = {isa = PBXFileReference; lastKnownFileType = image.pdf; path = 20220603.pdf; sourceTree = "<group>"; };
		BE40A6FF2E9B918E005997BF /* 20220604.pdf */ = {isa = PBXFileReference; lastKnownFileType = image.pdf; path = 20220604.pdf; sourceTree = "<group>"; };
		BE40A7002E9B918E005997BF /* 20220901.pdf */ = {isa = PBXFileReference; lastKnownFileType = image.pdf; path = 20220901.pdf; sourceTree = "<group>"; };
		BE40A7012E9B918E005997BF /* 20220902.pdf */ = {isa = PBXFileReference; lastKnownFileType = image.pdf; path = 20220902.pdf; sourceTree = "<group>"; };
		BE40A7022E9B918E005997BF /* 20220903.pdf */ = {isa = PBXFileReference; lastKnownFileType = image.pdf; path = 20220903.pdf; sourceTree = "<group>"; };
		BE40A7032E9B918E005997BF /* 20220904.pdf */ = {isa = PBXFileReference; lastKnownFileType = image.pdf; path = 20220904.pdf; sourceTree = "<group>"; };
		BE40A7042E9B918E005997BF /* 20221101.pdf */ = {isa = PBXFileReference; lastKnownFileType = image.pdf; path = 20221101.pdf; sourceTree = "<group>"; };
		BE40A7052E9B918E005997BF /* 20221102.pdf */ = {isa = PBXFileReference; lastKnownFileType = image.pdf; path = 20221102.pdf; sourceTree = "<group>"; };
		BE40A7062E9B918E005997BF /* 20221103.pdf */ = {isa = PBXFileReference; lastKnownFileType = image.pdf; path = 20221103.pdf; sourceTree = "<group>"; };
		BE40A7072E9B918E005997BF /* 20221104.pdf */ = {isa = PBXFileReference; lastKnownFileType = image.pdf; path = 20221104.pdf; sourceTree = "<group>"; };
		BE40A7082E9B918E005997BF /* 20230601.pdf */ = {isa = PBXFileReference; lastKnownFileType = image.pdf; path = 20230601.pdf; sourceTree = "<group>"; };
		BE40A7092E9B918E005997BF /* 20230602.pdf */ = {isa = PBXFileReference; lastKnownFileType = image.pdf; path = 20230602.pdf; sourceTree = "<group>"; };
		BE40A70A2E9B918E005997BF /* 20230603.pdf */ = {isa = PBXFileReference; lastKnownFileType = image.pdf; path = 20230603.pdf; sourceTree = "<group>"; };
		BE40A70B2E9B918E005997BF /* 20230604.pdf */ = {isa = PBXFileReference; lastKnownFileType = image.pdf; path = 20230604.pdf; sourceTree = "<group>"; };
		BE40A70C2E9B918E005997BF /* 20230901.pdf */ = {isa = PBXFileReference; lastKnownFileType = image.pdf; path = 20230901.pdf; sourceTree = "<group>"; };
		BE40A70D2E9B918E005997BF /* 20230902.pdf */ = {isa = PBXFileReference; lastKnownFileType = image.pdf; path = 20230902.pdf; sourceTree = "<group>"; };
		BE40A70E2E9B918E005997BF /* 20230903.pdf */ = {isa = PBXFileReference; lastKnownFileType = image.pdf; path = 20230903.pdf; sourceTree = "<group>"; };
		BE40A70F2E9B918E005997BF /* 20230904.pdf */ = {isa = PBXFileReference; lastKnownFileType = image.pdf; path = 20230904.pdf; sourceTree = "<group>"; };
		BE40A7102E9B918E005997BF /* 20231101.pdf */ = {isa = PBXFileReference; lastKnownFileType = image.pdf; path = 20231101.pdf; sourceTree = "<group>"; };
		BE40A7112E9B918E005997BF /* 20231102.pdf */ = {isa = PBXFileReference; lastKnownFileType = image.pdf; path = 20231102.pdf; sourceTree = "<group>"; };
		BE40A7122E9B918E005997BF /* 20231103.pdf */ = {isa = PBXFileReference; lastKnownFileType = image.pdf; path = 20231103.pdf; sourceTree = "<group>"; };
		BE40A7132E9B918E005997BF /* 20231104.pdf */ = {isa = PBXFileReference; lastKnownFileType = image.pdf; path = 20231104.pdf; sourceTree = "<group>"; };
		BE40A7142E9B918E005997BF /* 20240601.pdf */ = {isa = PBXFileReference; lastKnownFileType = image.pdf; path = 20240601.pdf; sourceTree = "<group>"; };
		BE40A7152E9B918E005997BF /* 20240602.pdf */ = {isa = PBXFileReference; lastKnownFileType = image.pdf; path = 20240602.pdf; sourceTree = "<group>"; };
		BE40A7162E9B918E005997BF /* 20240603.pdf */ = {isa = PBXFileReference; lastKnownFileType = image.pdf; path = 20240603.pdf; sourceTree = "<group>"; };
		BE40A7172E9B918E005997BF /* 20240604.pdf */ = {isa = PBXFileReference; lastKnownFileType = image.pdf; path = 20240604.pdf; sourceTree = "<group>"; };
		BE40A7182E9B918E005997BF /* 20240901.pdf */ = {isa = PBXFileReference; lastKnownFileType = image.pdf; path = 20240901.pdf; sourceTree = "<group>"; };
		BE40A7192E9B918E005997BF /* 20240902.pdf */ = {isa = PBXFileReference; lastKnownFileType = image.pdf; path = 20240902.pdf; sourceTree = "<group>"; };
		BE40A71A2E9B918E005997BF /* 20240903.pdf */ = {isa = PBXFileReference; lastKnownFileType = image.pdf; path = 20240903.pdf; sourceTree = "<group>"; };
		BE40A71B2E9B918E005997BF /* 20240904.pdf */ = {isa = PBXFileReference; lastKnownFileType = image.pdf; path = 20240904.pdf; sourceTree = "<group>"; };
		BE40A71C2E9B918E005997BF /* 20241101.pdf */ = {isa = PBXFileReference; lastKnownFileType = image.pdf; path = 20241101.pdf; sourceTree = "<group>"; };
		BE40A71D2E9B918E005997BF /* 20241102.pdf */ = {isa = PBXFileReference; lastKnownFileType = image.pdf; path = 20241102.pdf; sourceTree = "<group>"; };
		BE40A71E2E9B918E005997BF /* 20241103.pdf */ = {isa = PBXFileReference; lastKnownFileType = image.pdf; path = 20241103.pdf; sourceTree = "<group>"; };
		BE40A71F2E9B918E005997BF /* 20241104.pdf */ = {isa = PBXFileReference; lastKnownFileType = image.pdf; path = 20241104.pdf; sourceTree = "<group>"; };
		BE40A7202E9B918E005997BF /* 20250601.pdf */ = {isa = PBXFileReference; lastKnownFileType = image.pdf; path = 20250601.pdf; sourceTree = "<group>"; };
		BE40A7212E9B918E005997BF /* 20250602.pdf */ = {isa = PBXFileReference; lastKnownFileType = image.pdf; path = 20250602.pdf; sourceTree = "<group>"; };
		BE40A7222E9B918E005997BF /* 20250603.pdf */ = {isa = PBXFileReference; lastKnownFileType = image.pdf; path = 20250603.pdf; sourceTree = "<group>"; };
		BE40A7232E9B918E005997BF /* 20250604.pdf */ = {isa = PBXFileReference; lastKnownFileType = image.pdf; path = 20250604.pdf; sourceTree = "<group>"; };
		BE40A7242E9B918E005997BF /* 20250901.pdf */ = {isa = PBXFileReference; lastKnownFileType = image.pdf; path = 20250901.pdf; sourceTree = "<group>"; };
		BE40A7252E9B918E005997BF /* 20250902.pdf */ = {isa = PBXFileReference; lastKnownFileType = image.pdf; path = 20250902.pdf; sourceTree = "<group>"; };
		BE40A7262E9B918E005997BF /* 20250903.pdf */ = {isa = PBXFileReference; lastKnownFileType = image.pdf; path = 20250903.pdf; sourceTree = "<group>"; };
		BE40A7272E9B918E005997BF /* 20250904.pdf */ = {isa = PBXFileReference; lastKnownFileType = image.pdf; path = 20250904.pdf; sourceTree = "<group>"; };
		BE40A7282E9B918E005997BF /* 20251101.pdf */ = {isa = PBXFileReference; lastKnownFileType = image.pdf; path = 20251101.pdf; sourceTree = "<group>"; };
		BE40A7292E9B918E005997BF /* 20251102.pdf */ = {isa = PBXFileReference; lastKnownFileType = image.pdf; path = 20251102.pdf; sourceTree = "<group>"; };
		BE40A72A2E9B918E005997BF /* 20251103.pdf */ = {isa = PBXFileReference; lastKnownFileType = image.pdf; path = 20251103.pdf; sourceTree = "<group>"; };
		BE40A72B2E9B918E005997BF /* 20251104.pdf */ = {isa = PBXFileReference; lastKnownFileType = image.pdf; path = 20251104.pdf; sourceTree = "<group>"; };
		BE40A72C2E9B918E005997BF /* 20260601.pdf */ = {isa = PBXFileReference; lastKnownFileType = image.pdf; path = 20260601.pdf; sourceTree = "<group>"; };
		BE40A72D2E9B918E005997BF /* 20260602.pdf */ = {isa = PBXFileReference; lastKnownFileType = image.pdf; path = 20260602.pdf; sourceTree = "<group>"; };
		BE40A72E2E9B918E005997BF /* 20260603.pdf */ = {isa = PBXFileReference; lastKnownFileType = image.pdf; path = 20260603.pdf; sourceTree = "<group>"; };
		BE40A72F2E9B918E005997BF /* 20260604.pdf */ = {isa = PBXFileReference; lastKnownFileType = image.pdf; path = 20260604.pdf; sourceTree = "<group>"; };
		BE40A7302E9B918E005997BF /* 20260901.pdf */ = {isa = PBXFileReference; lastKnownFileType = image.pdf; path = 20260901.pdf; sourceTree = "<group>"; };
		BE40A7312E9B918E005997BF /* 20260902.pdf */ = {isa = PBXFileReference; lastKnownFileType = image.pdf; path = 20260902.pdf; sourceTree = "<group>"; };
		BE40A7322E9B918E005997BF /* 20260903.pdf */ = {isa = PBXFileReference; lastKnownFileType = image.pdf; path = 20260903.pdf; sourceTree = "<group>"; };
		BE40A7332E9B918E005997BF /* 20260904.pdf */ = {isa = PBXFileReference; lastKnownFileType = image.pdf; path = 20260904.pdf; sourceTree = "<group>"; };
		BE40A7752E9B95F7005997BF /* TestPDFPreView.swift */ = {isa = PBXFileReference; lastKnownFileType = sourcecode.swift; path = TestPDFPreView.swift; sourceTree = "<group>"; };
		BE5DAFDE2E97C1BF00FFFACB /* BIGI.app */ = {isa = PBXFileReference; explicitFileType = wrapper.application; includeInIndex = 0; path = BIGI.app; sourceTree = BUILT_PRODUCTS_DIR; };
		BE880D242E9BCBAB00F8C9CB /* TestDomainFilter.swift */ = {isa = PBXFileReference; lastKnownFileType = sourcecode.swift; path = TestDomainFilter.swift; sourceTree = "<group>"; };
		BE90F2962E98F15D000EC35C /* TestListViewModel.swift */ = {isa = PBXFileReference; lastKnownFileType = sourcecode.swift; path = TestListViewModel.swift; sourceTree = "<group>"; };
		BEB433FB2E98A7A400756E07 /* Assets.xcassets */ = {isa = PBXFileReference; lastKnownFileType = folder.assetcatalog; path = Assets.xcassets; sourceTree = "<group>"; };
		BEB433FC2E98A7A400756E07 /* BIGIApp.swift */ = {isa = PBXFileReference; lastKnownFileType = sourcecode.swift; path = BIGIApp.swift; sourceTree = "<group>"; };
		BEB433FE2E98A7A400756E07 /* Domain.swift */ = {isa = PBXFileReference; lastKnownFileType = sourcecode.swift; path = Domain.swift; sourceTree = "<group>"; };
		BEB433FF2E98A7A400756E07 /* Month.swift */ = {isa = PBXFileReference; lastKnownFileType = sourcecode.swift; path = Month.swift; sourceTree = "<group>"; };
		BEB434002E98A7A400756E07 /* Item.swift */ = {isa = PBXFileReference; lastKnownFileType = sourcecode.swift; path = Item.swift; sourceTree = "<group>"; };
		BEB434032E98A7A400756E07 /* TestListView.swift */ = {isa = PBXFileReference; lastKnownFileType = sourcecode.swift; path = TestListView.swift; sourceTree = "<group>"; };
		BEB4340C2E98AB6C00756E07 /* Category.swift */ = {isa = PBXFileReference; lastKnownFileType = sourcecode.swift; path = Category.swift; sourceTree = "<group>"; };
		BEB434142E98AF6A00756E07 /* Load.swift */ = {isa = PBXFileReference; lastKnownFileType = sourcecode.swift; path = Load.swift; sourceTree = "<group>"; };
/* End PBXFileReference section */

/* Begin PBXFrameworksBuildPhase section */
		BE5DAFDB2E97C1BF00FFFACB /* Frameworks */ = {
			isa = PBXFrameworksBuildPhase;
			buildActionMask = 2147483647;
			files = (
			);
			runOnlyForDeploymentPostprocessing = 0;
		};
/* End PBXFrameworksBuildPhase section */

/* Begin PBXGroup section */
		BE5DAFD52E97C1BF00FFFACB = {
			isa = PBXGroup;
			children = (
				BEB434052E98A7A400756E07 /* BIGI */,
				BE5DAFDF2E97C1BF00FFFACB /* Products */,
			);
			sourceTree = "<group>";
		};
		BE5DAFDF2E97C1BF00FFFACB /* Products */ = {
			isa = PBXGroup;
			children = (
				BE5DAFDE2E97C1BF00FFFACB /* BIGI.app */,
			);
			name = Products;
			sourceTree = "<group>";
		};
		BEB433FD2E98A7A400756E07 /* App */ = {
			isa = PBXGroup;
			children = (
				BE40A6F32E9B918E005997BF /* 20210601.pdf */,
				BE40A6F42E9B918E005997BF /* 20210602.pdf */,
				BE40A6F52E9B918E005997BF /* 20210603.pdf */,
				BE40A6F62E9B918E005997BF /* 20210901.pdf */,
				BE40A6F72E9B918E005997BF /* 20210902.pdf */,
				BE40A6F82E9B918E005997BF /* 20210903.pdf */,
				BE40A6F92E9B918E005997BF /* 20211101.pdf */,
				BE40A6FA2E9B918E005997BF /* 20211102.pdf */,
				BE40A6FB2E9B918E005997BF /* 20211103.pdf */,
				BE40A6FC2E9B918E005997BF /* 20220601.pdf */,
				BE40A6FD2E9B918E005997BF /* 20220602.pdf */,
				BE40A6FE2E9B918E005997BF /* 20220603.pdf */,
				BE40A6FF2E9B918E005997BF /* 20220604.pdf */,
				BE40A7002E9B918E005997BF /* 20220901.pdf */,
				BE40A7012E9B918E005997BF /* 20220902.pdf */,
				BE40A7022E9B918E005997BF /* 20220903.pdf */,
				BE40A7032E9B918E005997BF /* 20220904.pdf */,
				BE40A7042E9B918E005997BF /* 20221101.pdf */,
				BE40A7052E9B918E005997BF /* 20221102.pdf */,
				BE40A7062E9B918E005997BF /* 20221103.pdf */,
				BE40A7072E9B918E005997BF /* 20221104.pdf */,
				BE40A7082E9B918E005997BF /* 20230601.pdf */,
				BE40A7092E9B918E005997BF /* 20230602.pdf */,
				BE40A70A2E9B918E005997BF /* 20230603.pdf */,
				BE40A70B2E9B918E005997BF /* 20230604.pdf */,
				BE40A70C2E9B918E005997BF /* 20230901.pdf */,
				BE40A70D2E9B918E005997BF /* 20230902.pdf */,
				BE40A70E2E9B918E005997BF /* 20230903.pdf */,
				BE40A70F2E9B918E005997BF /* 20230904.pdf */,
				BE40A7102E9B918E005997BF /* 20231101.pdf */,
				BE40A7112E9B918E005997BF /* 20231102.pdf */,
				BE40A7122E9B918E005997BF /* 20231103.pdf */,
				BE40A7132E9B918E005997BF /* 20231104.pdf */,
				BE40A7142E9B918E005997BF /* 20240601.pdf */,
				BE40A7152E9B918E005997BF /* 20240602.pdf */,
				BE40A7162E9B918E005997BF /* 20240603.pdf */,
				BE40A7172E9B918E005997BF /* 20240604.pdf */,
				BE40A7182E9B918E005997BF /* 20240901.pdf */,
				BE40A7192E9B918E005997BF /* 20240902.pdf */,
				BE40A71A2E9B918E005997BF /* 20240903.pdf */,
				BE40A71B2E9B918E005997BF /* 20240904.pdf */,
				BE40A71C2E9B918E005997BF /* 20241101.pdf */,
				BE40A71D2E9B918E005997BF /* 20241102.pdf */,
				BE40A71E2E9B918E005997BF /* 20241103.pdf */,
				BE40A71F2E9B918E005997BF /* 20241104.pdf */,
				BE40A7202E9B918E005997BF /* 20250601.pdf */,
				BE40A7212E9B918E005997BF /* 20250602.pdf */,
				BE40A7222E9B918E005997BF /* 20250603.pdf */,
				BE40A7232E9B918E005997BF /* 20250604.pdf */,
				BE40A7242E9B918E005997BF /* 20250901.pdf */,
				BE40A7252E9B918E005997BF /* 20250902.pdf */,
				BE40A7262E9B918E005997BF /* 20250903.pdf */,
				BE40A7272E9B918E005997BF /* 20250904.pdf */,
				BE40A7282E9B918E005997BF /* 20251101.pdf */,
				BE40A7292E9B918E005997BF /* 20251102.pdf */,
				BE40A72A2E9B918E005997BF /* 20251103.pdf */,
				BE40A72B2E9B918E005997BF /* 20251104.pdf */,
				BE40A72C2E9B918E005997BF /* 20260601.pdf */,
				BE40A72D2E9B918E005997BF /* 20260602.pdf */,
				BE40A72E2E9B918E005997BF /* 20260603.pdf */,
				BE40A72F2E9B918E005997BF /* 20260604.pdf */,
				BE40A7302E9B918E005997BF /* 20260901.pdf */,
				BE40A7312E9B918E005997BF /* 20260902.pdf */,
				BE40A7322E9B918E005997BF /* 20260903.pdf */,
				BE40A7332E9B918E005997BF /* 20260904.pdf */,
				BE40A6F12E9B913D005997BF /* test.json */,
				BEB433FB2E98A7A400756E07 /* Assets.xcassets */,
				BEB433FC2E98A7A400756E07 /* BIGIApp.swift */,
			);
			path = App;
			sourceTree = "<group>";
		};
		BEB434012E98A7A400756E07 /* Model */ = {
			isa = PBXGroup;
			children = (
				BEB433FE2E98A7A400756E07 /* Domain.swift */,
				BEB433FF2E98A7A400756E07 /* Month.swift */,
				BEB4340C2E98AB6C00756E07 /* Category.swift */,
				BEB434002E98A7A400756E07 /* Item.swift */,
			);
			path = Model;
			sourceTree = "<group>";
		};
		BEB434022E98A7A400756E07 /* View */ = {
			isa = PBXGroup;
			children = (
				BEB434032E98A7A400756E07 /* TestListView.swift */,
				BE90F2962E98F15D000EC35C /* TestListViewModel.swift */,
				BE40A6ED2E9A841F005997BF /* TestDFThumbnailView.swift */,
				BE40A7752E9B95F7005997BF /* TestPDFPreView.swift */,
				BE880D242E9BCBAB00F8C9CB /* TestDomainFilter.swift */,
			);
			path = View;
			sourceTree = "<group>";
		};
		BEB434042E98A7A400756E07 /* Source */ = {
			isa = PBXGroup;
			children = (
				BEB434112E98ACE000756E07 /* Data */,
				BEB434012E98A7A400756E07 /* Model */,
				BEB434022E98A7A400756E07 /* View */,
			);
			path = Source;
			sourceTree = "<group>";
		};
		BEB434052E98A7A400756E07 /* BIGI */ = {
			isa = PBXGroup;
			children = (
				BEB433FD2E98A7A400756E07 /* App */,
				BEB434042E98A7A400756E07 /* Source */,
			);
			path = BIGI;
			sourceTree = "<group>";
		};
		BEB434112E98ACE000756E07 /* Data */ = {
			isa = PBXGroup;
			children = (
				BEB434142E98AF6A00756E07 /* Load.swift */,
			);
			path = Data;
			sourceTree = "<group>";
		};
/* End PBXGroup section */

/* Begin PBXNativeTarget section */
		BE5DAFDD2E97C1BF00FFFACB /* BIGI */ = {
			isa = PBXNativeTarget;
			buildConfigurationList = BE5DAFEC2E97C1C100FFFACB /* Build configuration list for PBXNativeTarget "BIGI" */;
			buildPhases = (
				BE5DAFDA2E97C1BF00FFFACB /* Sources */,
				BE5DAFDB2E97C1BF00FFFACB /* Frameworks */,
				BE5DAFDC2E97C1BF00FFFACB /* Resources */,
			);
			buildRules = (
			);
			dependencies = (
			);
			name = BIGI;
			packageProductDependencies = (
			);
			productName = BIGI;
			productReference = BE5DAFDE2E97C1BF00FFFACB /* BIGI.app */;
			productType = "com.apple.product-type.application";
		};
/* End PBXNativeTarget section */

/* Begin PBXProject section */
		BE5DAFD62E97C1BF00FFFACB /* Project object */ = {
			isa = PBXProject;
			attributes = {
				BuildIndependentTargetsInParallel = 1;
				LastSwiftUpdateCheck = 1620;
				LastUpgradeCheck = 1620;
				TargetAttributes = {
					BE5DAFDD2E97C1BF00FFFACB = {
						CreatedOnToolsVersion = 16.2;
					};
				};
			};
			buildConfigurationList = BE5DAFD92E97C1BF00FFFACB /* Build configuration list for PBXProject "BIGI" */;
			developmentRegion = en;
			hasScannedForEncodings = 0;
			knownRegions = (
				en,
				Base,
			);
			mainGroup = BE5DAFD52E97C1BF00FFFACB;
			minimizedProjectReferenceProxies = 1;
			preferredProjectObjectVersion = 77;
			productRefGroup = BE5DAFDF2E97C1BF00FFFACB /* Products */;
			projectDirPath = "";
			projectRoot = "";
			targets = (
				BE5DAFDD2E97C1BF00FFFACB /* BIGI */,
			);
		};
/* End PBXProject section */

/* Begin PBXResourcesBuildPhase section */
		BE5DAFDC2E97C1BF00FFFACB /* Resources */ = {
			isa = PBXResourcesBuildPhase;
			buildActionMask = 2147483647;
			files = (
				BEB434062E98A7A400756E07 /* Assets.xcassets in Resources */,
				BE40A7342E9B918E005997BF /* 20240903.pdf in Resources */,
				BE40A7352E9B918E005997BF /* 20231101.pdf in Resources */,
				BE40A7362E9B918E005997BF /* 20260902.pdf in Resources */,
				BE40A7372E9B918E005997BF /* 20220602.pdf in Resources */,
				BE40A7382E9B918E005997BF /* 20250903.pdf in Resources */,
				BE40A7392E9B918E005997BF /* 20211101.pdf in Resources */,
				BE40A73A2E9B918E005997BF /* 20241102.pdf in Resources */,
				BE40A73B2E9B918E005997BF /* 20250904.pdf in Resources */,
				BE40A73C2E9B918E005997BF /* 20260603.pdf in Resources */,
				BE40A73D2E9B918E005997BF /* 20240603.pdf in Resources */,
				BE40A73E2E9B918E005997BF /* 20211102.pdf in Resources */,
				BE40A73F2E9B918E005997BF /* 20220903.pdf in Resources */,
				BE40A7402E9B918E005997BF /* 20231102.pdf in Resources */,
				BE40A7412E9B918E005997BF /* 20230901.pdf in Resources */,
				BE40A7422E9B918E005997BF /* 20240901.pdf in Resources */,
				BE40A7432E9B918E005997BF /* 20250604.pdf in Resources */,
				BE40A7442E9B918E005997BF /* 20240902.pdf in Resources */,
				BE40A7452E9B918E005997BF /* 20220902.pdf in Resources */,
				BE40A7462E9B918E005997BF /* 20250603.pdf in Resources */,
				BE40A7472E9B918E005997BF /* 20210902.pdf in Resources */,
				BE40A7482E9B918E005997BF /* 20221104.pdf in Resources */,
				BE40A7492E9B918E005997BF /* 20210603.pdf in Resources */,
				BE40A74A2E9B918E005997BF /* 20251102.pdf in Resources */,
				BE40A74B2E9B918E005997BF /* 20210903.pdf in Resources */,
				BE40A74C2E9B918E005997BF /* 20260903.pdf in Resources */,
				BE40A74D2E9B918E005997BF /* 20230603.pdf in Resources */,
				BE40A74E2E9B918E005997BF /* 20211103.pdf in Resources */,
				BE40A74F2E9B918E005997BF /* 20220604.pdf in Resources */,
				BE40A7502E9B918E005997BF /* 20230904.pdf in Resources */,
				BE40A7512E9B918E005997BF /* 20240904.pdf in Resources */,
				BE40A7522E9B918E005997BF /* 20251103.pdf in Resources */,
				BE40A7532E9B918E005997BF /* 20241101.pdf in Resources */,
				BE40A7542E9B918E005997BF /* 20250902.pdf in Resources */,
				BE40A7552E9B918E005997BF /* 20250602.pdf in Resources */,
				BE40A7562E9B918E005997BF /* 20251101.pdf in Resources */,
				BE40A7572E9B918E005997BF /* 20251104.pdf in Resources */,
				BE40A7582E9B918E005997BF /* 20210602.pdf in Resources */,
				BE40A7592E9B918E005997BF /* 20220603.pdf in Resources */,
				BE40A75A2E9B918E005997BF /* 20231104.pdf in Resources */,
				BE40A75B2E9B918E005997BF /* 20250901.pdf in Resources */,
				BE40A75C2E9B918E005997BF /* 20230903.pdf in Resources */,
				BE40A75D2E9B918E005997BF /* 20221102.pdf in Resources */,
				BE40A75E2E9B918E005997BF /* 20260904.pdf in Resources */,
				BE40A75F2E9B918E005997BF /* 20220901.pdf in Resources */,
				BE40A7602E9B918E005997BF /* 20210901.pdf in Resources */,
				BE40A7612E9B918E005997BF /* 20250601.pdf in Resources */,
				BE40A7622E9B918E005997BF /* 20240602.pdf in Resources */,
				BE40A7632E9B918E005997BF /* 20230604.pdf in Resources */,
				BE40A7642E9B918E005997BF /* 20260604.pdf in Resources */,
				BE40A7652E9B918E005997BF /* 20240604.pdf in Resources */,
				BE40A7662E9B918E005997BF /* 20231103.pdf in Resources */,
				BE40A7672E9B918E005997BF /* 20260602.pdf in Resources */,
				BE40A7682E9B918E005997BF /* 20260601.pdf in Resources */,
				BE40A7692E9B918E005997BF /* 20230602.pdf in Resources */,
				BE40A76A2E9B918E005997BF /* 20220601.pdf in Resources */,
				BE40A76B2E9B918E005997BF /* 20230902.pdf in Resources */,
				BE40A76C2E9B918E005997BF /* 20241103.pdf in Resources */,
				BE40A76D2E9B918E005997BF /* 20210601.pdf in Resources */,
				BE40A76E2E9B918E005997BF /* 20260901.pdf in Resources */,
				BE40A76F2E9B918E005997BF /* 20221103.pdf in Resources */,
				BE40A7702E9B918E005997BF /* 20220904.pdf in Resources */,
				BE40A7712E9B918E005997BF /* 20221101.pdf in Resources */,
				BE40A7722E9B918E005997BF /* 20230601.pdf in Resources */,
				BE40A7732E9B918E005997BF /* 20241104.pdf in Resources */,
				BE40A7742E9B918E005997BF /* 20240601.pdf in Resources */,
				BE40A6F22E9B913D005997BF /* test.json in Resources */,
			);
			runOnlyForDeploymentPostprocessing = 0;
		};
/* End PBXResourcesBuildPhase section */

/* Begin PBXSourcesBuildPhase section */
		BE5DAFDA2E97C1BF00FFFACB /* Sources */ = {
			isa = PBXSourcesBuildPhase;
			buildActionMask = 2147483647;
			files = (
				BEB434072E98A7A400756E07 /* BIGIApp.swift in Sources */,
				BEB434082E98A7A400756E07 /* Domain.swift in Sources */,
				BE880D252E9BCBAB00F8C9CB /* TestDomainFilter.swift in Sources */,
				BE40A6EE2E9A841F005997BF /* TestDFThumbnailView.swift in Sources */,
				BE40A7762E9B95F7005997BF /* TestPDFPreView.swift in Sources */,
				BE90F2972E98F15D000EC35C /* TestListViewModel.swift in Sources */,
				BEB434092E98A7A400756E07 /* Month.swift in Sources */,
				BEB4340A2E98A7A400756E07 /* Item.swift in Sources */,
				BEB4340B2E98A7A400756E07 /* TestListView.swift in Sources */,
				BEB434152E98AF6A00756E07 /* Load.swift in Sources */,
				BEB4340D2E98AB6C00756E07 /* Category.swift in Sources */,
			);
			runOnlyForDeploymentPostprocessing = 0;
		};
/* End PBXSourcesBuildPhase section */

/* Begin XCBuildConfiguration section */
		BE5DAFEA2E97C1C100FFFACB /* Debug */ = {
			isa = XCBuildConfiguration;
			buildSettings = {
				ALWAYS_SEARCH_USER_PATHS = NO;
				ASSETCATALOG_COMPILER_GENERATE_SWIFT_ASSET_SYMBOL_EXTENSIONS = YES;
				CLANG_ANALYZER_NONNULL = YES;
				CLANG_ANALYZER_NUMBER_OBJECT_CONVERSION = YES_AGGRESSIVE;
				CLANG_CXX_LANGUAGE_STANDARD = "gnu++20";
				CLANG_ENABLE_MODULES = YES;
				CLANG_ENABLE_OBJC_ARC = YES;
				CLANG_ENABLE_OBJC_WEAK = YES;
				CLANG_WARN_BLOCK_CAPTURE_AUTORELEASING = YES;
				CLANG_WARN_BOOL_CONVERSION = YES;
				CLANG_WARN_COMMA = YES;
				CLANG_WARN_CONSTANT_CONVERSION = YES;
				CLANG_WARN_DEPRECATED_OBJC_IMPLEMENTATIONS = YES;
				CLANG_WARN_DIRECT_OBJC_ISA_USAGE = YES_ERROR;
				CLANG_WARN_DOCUMENTATION_COMMENTS = YES;
				CLANG_WARN_EMPTY_BODY = YES;
				CLANG_WARN_ENUM_CONVERSION = YES;
				CLANG_WARN_INFINITE_RECURSION = YES;
				CLANG_WARN_INT_CONVERSION = YES;
				CLANG_WARN_NON_LITERAL_NULL_CONVERSION = YES;
				CLANG_WARN_OBJC_IMPLICIT_RETAIN_SELF = YES;
				CLANG_WARN_OBJC_LITERAL_CONVERSION = YES;
				CLANG_WARN_OBJC_ROOT_CLASS = YES_ERROR;
				CLANG_WARN_QUOTED_INCLUDE_IN_FRAMEWORK_HEADER = YES;
				CLANG_WARN_RANGE_LOOP_ANALYSIS = YES;
				CLANG_WARN_STRICT_PROTOTYPES = YES;
				CLANG_WARN_SUSPICIOUS_MOVE = YES;
				CLANG_WARN_UNGUARDED_AVAILABILITY = YES_AGGRESSIVE;
				CLANG_WARN_UNREACHABLE_CODE = YES;
				CLANG_WARN__DUPLICATE_METHOD_MATCH = YES;
				COPY_PHASE_STRIP = NO;
				DEBUG_INFORMATION_FORMAT = dwarf;
				ENABLE_STRICT_OBJC_MSGSEND = YES;
				ENABLE_TESTABILITY = YES;
				ENABLE_USER_SCRIPT_SANDBOXING = YES;
				GCC_C_LANGUAGE_STANDARD = gnu17;
				GCC_DYNAMIC_NO_PIC = NO;
				GCC_NO_COMMON_BLOCKS = YES;
				GCC_OPTIMIZATION_LEVEL = 0;
				GCC_PREPROCESSOR_DEFINITIONS = (
					"DEBUG=1",
					"$(inherited)",
				);
				GCC_WARN_64_TO_32_BIT_CONVERSION = YES;
				GCC_WARN_ABOUT_RETURN_TYPE = YES_ERROR;
				GCC_WARN_UNDECLARED_SELECTOR = YES;
				GCC_WARN_UNINITIALIZED_AUTOS = YES_AGGRESSIVE;
				GCC_WARN_UNUSED_FUNCTION = YES;
				GCC_WARN_UNUSED_VARIABLE = YES;
				IPHONEOS_DEPLOYMENT_TARGET = 18.2;
				LOCALIZATION_PREFERS_STRING_CATALOGS = YES;
				MTL_ENABLE_DEBUG_INFO = INCLUDE_SOURCE;
				MTL_FAST_MATH = YES;
				ONLY_ACTIVE_ARCH = YES;
				SDKROOT = iphoneos;
				SWIFT_ACTIVE_COMPILATION_CONDITIONS = "DEBUG $(inherited)";
				SWIFT_OPTIMIZATION_LEVEL = "-Onone";
			};
			name = Debug;
		};
		BE5DAFEB2E97C1C100FFFACB /* Release */ = {
			isa = XCBuildConfiguration;
			buildSettings = {
				ALWAYS_SEARCH_USER_PATHS = NO;
				ASSETCATALOG_COMPILER_GENERATE_SWIFT_ASSET_SYMBOL_EXTENSIONS = YES;
				CLANG_ANALYZER_NONNULL = YES;
				CLANG_ANALYZER_NUMBER_OBJECT_CONVERSION = YES_AGGRESSIVE;
				CLANG_CXX_LANGUAGE_STANDARD = "gnu++20";
				CLANG_ENABLE_MODULES = YES;
				CLANG_ENABLE_OBJC_ARC = YES;
				CLANG_ENABLE_OBJC_WEAK = YES;
				CLANG_WARN_BLOCK_CAPTURE_AUTORELEASING = YES;
				CLANG_WARN_BOOL_CONVERSION = YES;
				CLANG_WARN_COMMA = YES;
				CLANG_WARN_CONSTANT_CONVERSION = YES;
				CLANG_WARN_DEPRECATED_OBJC_IMPLEMENTATIONS = YES;
				CLANG_WARN_DIRECT_OBJC_ISA_USAGE = YES_ERROR;
				CLANG_WARN_DOCUMENTATION_COMMENTS = YES;
				CLANG_WARN_EMPTY_BODY = YES;
				CLANG_WARN_ENUM_CONVERSION = YES;
				CLANG_WARN_INFINITE_RECURSION = YES;
				CLANG_WARN_INT_CONVERSION = YES;
				CLANG_WARN_NON_LITERAL_NULL_CONVERSION = YES;
				CLANG_WARN_OBJC_IMPLICIT_RETAIN_SELF = YES;
				CLANG_WARN_OBJC_LITERAL_CONVERSION = YES;
				CLANG_WARN_OBJC_ROOT_CLASS = YES_ERROR;
				CLANG_WARN_QUOTED_INCLUDE_IN_FRAMEWORK_HEADER = YES;
				CLANG_WARN_RANGE_LOOP_ANALYSIS = YES;
				CLANG_WARN_STRICT_PROTOTYPES = YES;
				CLANG_WARN_SUSPICIOUS_MOVE = YES;
				CLANG_WARN_UNGUARDED_AVAILABILITY = YES_AGGRESSIVE;
				CLANG_WARN_UNREACHABLE_CODE = YES;
				CLANG_WARN__DUPLICATE_METHOD_MATCH = YES;
				COPY_PHASE_STRIP = NO;
				DEBUG_INFORMATION_FORMAT = "dwarf-with-dsym";
				ENABLE_NS_ASSERTIONS = NO;
				ENABLE_STRICT_OBJC_MSGSEND = YES;
				ENABLE_USER_SCRIPT_SANDBOXING = YES;
				GCC_C_LANGUAGE_STANDARD = gnu17;
				GCC_NO_COMMON_BLOCKS = YES;
				GCC_WARN_64_TO_32_BIT_CONVERSION = YES;
				GCC_WARN_ABOUT_RETURN_TYPE = YES_ERROR;
				GCC_WARN_UNDECLARED_SELECTOR = YES;
				GCC_WARN_UNINITIALIZED_AUTOS = YES_AGGRESSIVE;
				GCC_WARN_UNUSED_FUNCTION = YES;
				GCC_WARN_UNUSED_VARIABLE = YES;
				IPHONEOS_DEPLOYMENT_TARGET = 18.2;
				LOCALIZATION_PREFERS_STRING_CATALOGS = YES;
				MTL_ENABLE_DEBUG_INFO = NO;
				MTL_FAST_MATH = YES;
				SDKROOT = iphoneos;
				SWIFT_COMPILATION_MODE = wholemodule;
				VALIDATE_PRODUCT = YES;
			};
			name = Release;
		};
		BE5DAFED2E97C1C100FFFACB /* Debug */ = {
			isa = XCBuildConfiguration;
			buildSettings = {
				ASSETCATALOG_COMPILER_APPICON_NAME = AppIcon;
				ASSETCATALOG_COMPILER_GLOBAL_ACCENT_COLOR_NAME = AccentColor;
				CODE_SIGN_STYLE = Automatic;
				CURRENT_PROJECT_VERSION = 1;
				DEVELOPMENT_ASSET_PATHS = "";
				DEVELOPMENT_TEAM = 7HDHR2SNR7;
				ENABLE_PREVIEWS = YES;
				GENERATE_INFOPLIST_FILE = YES;
				INFOPLIST_KEY_UIApplicationSceneManifest_Generation = YES;
				INFOPLIST_KEY_UIApplicationSupportsIndirectInputEvents = YES;
				INFOPLIST_KEY_UILaunchScreen_Generation = YES;
				INFOPLIST_KEY_UISupportedInterfaceOrientations_iPad = "UIInterfaceOrientationPortrait UIInterfaceOrientationPortraitUpsideDown UIInterfaceOrientationLandscapeLeft UIInterfaceOrientationLandscapeRight";
				INFOPLIST_KEY_UISupportedInterfaceOrientations_iPhone = "UIInterfaceOrientationPortrait UIInterfaceOrientationLandscapeLeft UIInterfaceOrientationLandscapeRight";
				IPHONEOS_DEPLOYMENT_TARGET = 18.2;
				LD_RUNPATH_SEARCH_PATHS = (
					"$(inherited)",
					"@executable_path/Frameworks",
				);
				MARKETING_VERSION = 1.0;
				PRODUCT_BUNDLE_IDENTIFIER = co.1008.BIGI;
				PRODUCT_NAME = "$(TARGET_NAME)";
				SWIFT_EMIT_LOC_STRINGS = YES;
				SWIFT_VERSION = 5.0;
				TARGETED_DEVICE_FAMILY = "1,2";
			};
			name = Debug;
		};
		BE5DAFEE2E97C1C100FFFACB /* Release */ = {
			isa = XCBuildConfiguration;
			buildSettings = {
				ASSETCATALOG_COMPILER_APPICON_NAME = AppIcon;
				ASSETCATALOG_COMPILER_GLOBAL_ACCENT_COLOR_NAME = AccentColor;
				CODE_SIGN_STYLE = Automatic;
				CURRENT_PROJECT_VERSION = 1;
				DEVELOPMENT_ASSET_PATHS = "";
				DEVELOPMENT_TEAM = 7HDHR2SNR7;
				ENABLE_PREVIEWS = YES;
				GENERATE_INFOPLIST_FILE = YES;
				INFOPLIST_KEY_UIApplicationSceneManifest_Generation = YES;
				INFOPLIST_KEY_UIApplicationSupportsIndirectInputEvents = YES;
				INFOPLIST_KEY_UILaunchScreen_Generation = YES;
				INFOPLIST_KEY_UISupportedInterfaceOrientations_iPad = "UIInterfaceOrientationPortrait UIInterfaceOrientationPortraitUpsideDown UIInterfaceOrientationLandscapeLeft UIInterfaceOrientationLandscapeRight";
				INFOPLIST_KEY_UISupportedInterfaceOrientations_iPhone = "UIInterfaceOrientationPortrait UIInterfaceOrientationLandscapeLeft UIInterfaceOrientationLandscapeRight";
				IPHONEOS_DEPLOYMENT_TARGET = 18.2;
				LD_RUNPATH_SEARCH_PATHS = (
					"$(inherited)",
					"@executable_path/Frameworks",
				);
				MARKETING_VERSION = 1.0;
				PRODUCT_BUNDLE_IDENTIFIER = co.1008.BIGI;
				PRODUCT_NAME = "$(TARGET_NAME)";
				SWIFT_EMIT_LOC_STRINGS = YES;
				SWIFT_VERSION = 5.0;
				TARGETED_DEVICE_FAMILY = "1,2";
			};
			name = Release;
		};
/* End XCBuildConfiguration section */

/* Begin XCConfigurationList section */
		BE5DAFD92E97C1BF00FFFACB /* Build configuration list for PBXProject "BIGI" */ = {
			isa = XCConfigurationList;
			buildConfigurations = (
				BE5DAFEA2E97C1C100FFFACB /* Debug */,
				BE5DAFEB2E97C1C100FFFACB /* Release */,
			);
			defaultConfigurationIsVisible = 0;
			defaultConfigurationName = Release;
		};
		BE5DAFEC2E97C1C100FFFACB /* Build configuration list for PBXNativeTarget "BIGI" */ = {
			isa = XCConfigurationList;
			buildConfigurations = (
				BE5DAFED2E97C1C100FFFACB /* Debug */,
				BE5DAFEE2E97C1C100FFFACB /* Release */,
			);
			defaultConfigurationIsVisible = 0;
			defaultConfigurationName = Release;
		};
/* End XCConfigurationList section */
	};
	rootObject = BE5DAFD62E97C1BF00FFFACB /* Project object */;
}
